// !$*UTF8*$!
{
	archiveVersion = 1;
	classes = {
	};
	objectVersion = 46;
	objects = {

/* Begin PBXBuildFile section */
		ED3F85691AF315D40077BFE4 /* main.m in Sources */ = {isa = PBXBuildFile; fileRef = ED3F85681AF315D40077BFE4 /* main.m */; };
		ED3F856C1AF315D40077BFE4 /* AppDelegate.m in Sources */ = {isa = PBXBuildFile; fileRef = ED3F856B1AF315D40077BFE4 /* AppDelegate.m */; };
		ED3F856F1AF315D40077BFE4 /* ViewController.m in Sources */ = {isa = PBXBuildFile; fileRef = ED3F856E1AF315D40077BFE4 /* ViewController.m */; };
		ED3F85721AF315D40077BFE4 /* Main.storyboard in Resources */ = {isa = PBXBuildFile; fileRef = ED3F85701AF315D40077BFE4 /* Main.storyboard */; };
		ED3F85741AF315D40077BFE4 /* Images.xcassets in Resources */ = {isa = PBXBuildFile; fileRef = ED3F85731AF315D40077BFE4 /* Images.xcassets */; };
		ED3F85771AF315D40077BFE4 /* LaunchScreen.xib in Resources */ = {isa = PBXBuildFile; fileRef = ED3F85751AF315D40077BFE4 /* LaunchScreen.xib */; };
		ED3F85831AF315D50077BFE4 /* MAPullToRefeshTests.m in Sources */ = {isa = PBXBuildFile; fileRef = ED3F85821AF315D50077BFE4 /* MAPullToRefeshTests.m */; };
/* End PBXBuildFile section */

/* Begin PBXContainerItemProxy section */
		ED3F857D1AF315D50077BFE4 /* PBXContainerItemProxy */ = {
			isa = PBXContainerItemProxy;
			containerPortal = ED3F855B1AF315D40077BFE4 /* Project object */;
			proxyType = 1;
			remoteGlobalIDString = ED3F85621AF315D40077BFE4;
			remoteInfo = MAPullToRefesh;
		};
/* End PBXContainerItemProxy section */

/* Begin PBXFileReference section */
		ED3F85631AF315D40077BFE4 /* MAPullToRefesh.app */ = {isa = PBXFileReference; explicitFileType = wrapper.application; includeInIndex = 0; path = MAPullToRefesh.app; sourceTree = BUILT_PRODUCTS_DIR; };
		ED3F85671AF315D40077BFE4 /* Info.plist */ = {isa = PBXFileReference; lastKnownFileType = text.plist.xml; path = Info.plist; sourceTree = "<group>"; };
		ED3F85681AF315D40077BFE4 /* main.m */ = {isa = PBXFileReference; lastKnownFileType = sourcecode.c.objc; path = main.m; sourceTree = "<group>"; };
		ED3F856A1AF315D40077BFE4 /* AppDelegate.h */ = {isa = PBXFileReference; lastKnownFileType = sourcecode.c.h; path = AppDelegate.h; sourceTree = "<group>"; };
		ED3F856B1AF315D40077BFE4 /* AppDelegate.m */ = {isa = PBXFileReference; lastKnownFileType = sourcecode.c.objc; path = AppDelegate.m; sourceTree = "<group>"; };
		ED3F856D1AF315D40077BFE4 /* ViewController.h */ = {isa = PBXFileReference; lastKnownFileType = sourcecode.c.h; path = ViewController.h; sourceTree = "<group>"; };
		ED3F856E1AF315D40077BFE4 /* ViewController.m */ = {isa = PBXFileReference; lastKnownFileType = sourcecode.c.objc; path = ViewController.m; sourceTree = "<group>"; };
		ED3F85711AF315D40077BFE4 /* Base */ = {isa = PBXFileReference; lastKnownFileType = file.storyboard; name = Base; path = Base.lproj/Main.storyboard; sourceTree = "<group>"; };
		ED3F85731AF315D40077BFE4 /* Images.xcassets */ = {isa = PBXFileReference; lastKnownFileType = folder.assetcatalog; path = Images.xcassets; sourceTree = "<group>"; };
		ED3F85761AF315D40077BFE4 /* Base */ = {isa = PBXFileReference; lastKnownFileType = file.xib; name = Base; path = Base.lproj/LaunchScreen.xib; sourceTree = "<group>"; };
		ED3F857C1AF315D50077BFE4 /* MAPullToRefeshTests.xctest */ = {isa = PBXFileReference; explicitFileType = wrapper.cfbundle; includeInIndex = 0; path = MAPullToRefeshTests.xctest; sourceTree = BUILT_PRODUCTS_DIR; };
		ED3F85811AF315D50077BFE4 /* Info.plist */ = {isa = PBXFileReference; lastKnownFileType = text.plist.xml; path = Info.plist; sourceTree = "<group>"; };
		ED3F85821AF315D50077BFE4 /* MAPullToRefeshTests.m */ = {isa = PBXFileReference; lastKnownFileType = sourcecode.c.objc; path = MAPullToRefeshTests.m; sourceTree = "<group>"; };
/* End PBXFileReference section */

/* Begin PBXFrameworksBuildPhase section */
		ED3F85601AF315D40077BFE4 /* Frameworks */ = {
			isa = PBXFrameworksBuildPhase;
			buildActionMask = 2147483647;
			files = (
			);
			runOnlyForDeploymentPostprocessing = 0;
		};
		ED3F85791AF315D50077BFE4 /* Frameworks */ = {
			isa = PBXFrameworksBuildPhase;
			buildActionMask = 2147483647;
			files = (
			);
			runOnlyForDeploymentPostprocessing = 0;
		};
/* End PBXFrameworksBuildPhase section */

/* Begin PBXGroup section */
		ED3F855A1AF315D40077BFE4 = {
			isa = PBXGroup;
			children = (
				ED3F85651AF315D40077BFE4 /* MAPullToRefesh */,
				ED3F857F1AF315D50077BFE4 /* MAPullToRefeshTests */,
				ED3F85641AF315D40077BFE4 /* Products */,
			);
			sourceTree = "<group>";
		};
		ED3F85641AF315D40077BFE4 /* Products */ = {
			isa = PBXGroup;
			children = (
				ED3F85631AF315D40077BFE4 /* MAPullToRefesh.app */,
				ED3F857C1AF315D50077BFE4 /* MAPullToRefeshTests.xctest */,
			);
			name = Products;
			sourceTree = "<group>";
		};
		ED3F85651AF315D40077BFE4 /* MAPullToRefesh */ = {
			isa = PBXGroup;
			children = (
				ED3F856A1AF315D40077BFE4 /* AppDelegate.h */,
				ED3F856B1AF315D40077BFE4 /* AppDelegate.m */,
				ED3F856D1AF315D40077BFE4 /* ViewController.h */,
				ED3F856E1AF315D40077BFE4 /* ViewController.m */,
				ED3F85701AF315D40077BFE4 /* Main.storyboard */,
				ED3F85731AF315D40077BFE4 /* Images.xcassets */,
				ED3F85751AF315D40077BFE4 /* LaunchScreen.xib */,
				ED3F85661AF315D40077BFE4 /* Supporting Files */,
			);
			path = MAPullToRefesh;
			sourceTree = "<group>";
		};
		ED3F85661AF315D40077BFE4 /* Supporting Files */ = {
			isa = PBXGroup;
			children = (
				ED3F85671AF315D40077BFE4 /* Info.plist */,
				ED3F85681AF315D40077BFE4 /* main.m */,
			);
			name = "Supporting Files";
			sourceTree = "<group>";
		};
		ED3F857F1AF315D50077BFE4 /* MAPullToRefeshTests */ = {
			isa = PBXGroup;
			children = (
				ED3F85821AF315D50077BFE4 /* MAPullToRefeshTests.m */,
				ED3F85801AF315D50077BFE4 /* Supporting Files */,
			);
			path = MAPullToRefeshTests;
			sourceTree = "<group>";
		};
		ED3F85801AF315D50077BFE4 /* Supporting Files */ = {
			isa = PBXGroup;
			children = (
				ED3F85811AF315D50077BFE4 /* Info.plist */,
			);
			name = "Supporting Files";
			sourceTree = "<group>";
		};
/* End PBXGroup section */

/* Begin PBXNativeTarget section */
		ED3F85621AF315D40077BFE4 /* MAPullToRefesh */ = {
			isa = PBXNativeTarget;
			buildConfigurationList = ED3F85861AF315D50077BFE4 /* Build configuration list for PBXNativeTarget "MAPullToRefesh" */;
			buildPhases = (
				ED3F855F1AF315D40077BFE4 /* Sources */,
				ED3F85601AF315D40077BFE4 /* Frameworks */,
				ED3F85611AF315D40077BFE4 /* Resources */,
			);
			buildRules = (
			);
			dependencies = (
			);
			name = MAPullToRefesh;
			productName = MAPullToRefesh;
			productReference = ED3F85631AF315D40077BFE4 /* MAPullToRefesh.app */;
			productType = "com.apple.product-type.application";
		};
		ED3F857B1AF315D50077BFE4 /* MAPullToRefeshTests */ = {
			isa = PBXNativeTarget;
			buildConfigurationList = ED3F85891AF315D50077BFE4 /* Build configuration list for PBXNativeTarget "MAPullToRefeshTests" */;
			buildPhases = (
				ED3F85781AF315D50077BFE4 /* Sources */,
				ED3F85791AF315D50077BFE4 /* Frameworks */,
				ED3F857A1AF315D50077BFE4 /* Resources */,
			);
			buildRules = (
			);
			dependencies = (
				ED3F857E1AF315D50077BFE4 /* PBXTargetDependency */,
			);
			name = MAPullToRefeshTests;
			productName = MAPullToRefeshTests;
			productReference = ED3F857C1AF315D50077BFE4 /* MAPullToRefeshTests.xctest */;
			productType = "com.apple.product-type.bundle.unit-test";
		};
/* End PBXNativeTarget section */

/* Begin PBXProject section */
		ED3F855B1AF315D40077BFE4 /* Project object */ = {
			isa = PBXProject;
			attributes = {
				LastUpgradeCheck = 0630;
				ORGANIZATIONNAME = "Michael Ackley";
				TargetAttributes = {
					ED3F85621AF315D40077BFE4 = {
						CreatedOnToolsVersion = 6.3.1;
					};
					ED3F857B1AF315D50077BFE4 = {
						CreatedOnToolsVersion = 6.3.1;
						TestTargetID = ED3F85621AF315D40077BFE4;
					};
				};
			};
			buildConfigurationList = ED3F855E1AF315D40077BFE4 /* Build configuration list for PBXProject "MAPullToRefesh" */;
			compatibilityVersion = "Xcode 3.2";
			developmentRegion = English;
			hasScannedForEncodings = 0;
			knownRegions = (
				en,
				Base,
			);
			mainGroup = ED3F855A1AF315D40077BFE4;
			productRefGroup = ED3F85641AF315D40077BFE4 /* Products */;
			projectDirPath = "";
			projectRoot = "";
			targets = (
				ED3F85621AF315D40077BFE4 /* MAPullToRefesh */,
				ED3F857B1AF315D50077BFE4 /* MAPullToRefeshTests */,
			);
		};
/* End PBXProject section */

/* Begin PBXResourcesBuildPhase section */
		ED3F85611AF315D40077BFE4 /* Resources */ = {
			isa = PBXResourcesBuildPhase;
			buildActionMask = 2147483647;
			files = (
				ED3F85721AF315D40077BFE4 /* Main.storyboard in Resources */,
				ED3F85771AF315D40077BFE4 /* LaunchScreen.xib in Resources */,
				ED3F85741AF315D40077BFE4 /* Images.xcassets in Resources */,
			);
			runOnlyForDeploymentPostprocessing = 0;
		};
		ED3F857A1AF315D50077BFE4 /* Resources */ = {
			isa = PBXResourcesBuildPhase;
			buildActionMask = 2147483647;
			files = (
			);
			runOnlyForDeploymentPostprocessing = 0;
		};
/* End PBXResourcesBuildPhase section */

/* Begin PBXSourcesBuildPhase section */
		ED3F855F1AF315D40077BFE4 /* Sources */ = {
			isa = PBXSourcesBuildPhase;
			buildActionMask = 2147483647;
			files = (
				ED3F856F1AF315D40077BFE4 /* ViewController.m in Sources */,
				ED3F856C1AF315D40077BFE4 /* AppDelegate.m in Sources */,
				ED3F85691AF315D40077BFE4 /* main.m in Sources */,
			);
			runOnlyForDeploymentPostprocessing = 0;
		};
		ED3F85781AF315D50077BFE4 /* Sources */ = {
			isa = PBXSourcesBuildPhase;
			buildActionMask = 2147483647;
			files = (
				ED3F85831AF315D50077BFE4 /* MAPullToRefeshTests.m in Sources */,
			);
			runOnlyForDeploymentPostprocessing = 0;
		};
/* End PBXSourcesBuildPhase section */

/* Begin PBXTargetDependency section */
		ED3F857E1AF315D50077BFE4 /* PBXTargetDependency */ = {
			isa = PBXTargetDependency;
			target = ED3F85621AF315D40077BFE4 /* MAPullToRefesh */;
			targetProxy = ED3F857D1AF315D50077BFE4 /* PBXContainerItemProxy */;
		};
/* End PBXTargetDependency section */

/* Begin PBXVariantGroup section */
		ED3F85701AF315D40077BFE4 /* Main.storyboard */ = {
			isa = PBXVariantGroup;
			children = (
				ED3F85711AF315D40077BFE4 /* Base */,
			);
			name = Main.storyboard;
			sourceTree = "<group>";
		};
		ED3F85751AF315D40077BFE4 /* LaunchScreen.xib */ = {
			isa = PBXVariantGroup;
			children = (
				ED3F85761AF315D40077BFE4 /* Base */,
			);
			name = LaunchScreen.xib;
			sourceTree = "<group>";
		};
/* End PBXVariantGroup section */

/* Begin XCBuildConfiguration section */
		ED3F85841AF315D50077BFE4 /* Debug */ = {
			isa = XCBuildConfiguration;
			buildSettings = {
				ALWAYS_SEARCH_USER_PATHS = NO;
				CLANG_CXX_LANGUAGE_STANDARD = "gnu++0x";
				CLANG_CXX_LIBRARY = "libc++";
				CLANG_ENABLE_MODULES = YES;
				CLANG_ENABLE_OBJC_ARC = YES;
				CLANG_WARN_BOOL_CONVERSION = YES;
				CLANG_WARN_CONSTANT_CONVERSION = YES;
				CLANG_WARN_DIRECT_OBJC_ISA_USAGE = YES_ERROR;
				CLANG_WARN_EMPTY_BODY = YES;
				CLANG_WARN_ENUM_CONVERSION = YES;
				CLANG_WARN_INT_CONVERSION = YES;
				CLANG_WARN_OBJC_ROOT_CLASS = YES_ERROR;
				CLANG_WARN_UNREACHABLE_CODE = YES;
				CLANG_WARN__DUPLICATE_METHOD_MATCH = YES;
				"CODE_SIGN_IDENTITY[sdk=iphoneos*]" = "iPhone Developer";
				COPY_PHASE_STRIP = NO;
				DEBUG_INFORMATION_FORMAT = "dwarf-with-dsym";
				ENABLE_STRICT_OBJC_MSGSEND = YES;
				GCC_C_LANGUAGE_STANDARD = gnu99;
				GCC_DYNAMIC_NO_PIC = NO;
				GCC_NO_COMMON_BLOCKS = YES;
				GCC_OPTIMIZATION_LEVEL = 0;
				GCC_PREPROCESSOR_DEFINITIONS = (
					"DEBUG=1",
					"$(inherited)",
				);
				GCC_SYMBOLS_PRIVATE_EXTERN = NO;
				GCC_WARN_64_TO_32_BIT_CONVERSION = YES;
				GCC_WARN_ABOUT_RETURN_TYPE = YES_ERROR;
				GCC_WARN_UNDECLARED_SELECTOR = YES;
				GCC_WARN_UNINITIALIZED_AUTOS = YES_AGGRESSIVE;
				GCC_WARN_UNUSED_FUNCTION = YES;
				GCC_WARN_UNUSED_VARIABLE = YES;
				IPHONEOS_DEPLOYMENT_TARGET = 8.3;
				MTL_ENABLE_DEBUG_INFO = YES;
				ONLY_ACTIVE_ARCH = YES;
				SDKROOT = iphoneos;
			};
			name = Debug;
		};
		ED3F85851AF315D50077BFE4 /* Release */ = {
			isa = XCBuildConfiguration;
			buildSettings = {
				ALWAYS_SEARCH_USER_PATHS = NO;
				CLANG_CXX_LANGUAGE_STANDARD = "gnu++0x";
				CLANG_CXX_LIBRARY = "libc++";
				CLANG_ENABLE_MODULES = YES;
				CLANG_ENABLE_OBJC_ARC = YES;
				CLANG_WARN_BOOL_CONVERSION = YES;
				CLANG_WARN_CONSTANT_CONVERSION = YES;
				CLANG_WARN_DIRECT_OBJC_ISA_USAGE = YES_ERROR;
				CLANG_WARN_EMPTY_BODY = YES;
				CLANG_WARN_ENUM_CONVERSION = YES;
				CLANG_WARN_INT_CONVERSION = YES;
				CLANG_WARN_OBJC_ROOT_CLASS = YES_ERROR;
				CLANG_WARN_UNREACHABLE_CODE = YES;
				CLANG_WARN__DUPLICATE_METHOD_MATCH = YES;
				"CODE_SIGN_IDENTITY[sdk=iphoneos*]" = "iPhone Developer";
				COPY_PHASE_STRIP = NO;
				DEBUG_INFORMATION_FORMAT = "dwarf-with-dsym";
				ENABLE_NS_ASSERTIONS = NO;
				ENABLE_STRICT_OBJC_MSGSEND = YES;
				GCC_C_LANGUAGE_STANDARD = gnu99;
				GCC_NO_COMMON_BLOCKS = YES;
				GCC_WARN_64_TO_32_BIT_CONVERSION = YES;
				GCC_WARN_ABOUT_RETURN_TYPE = YES_ERROR;
				GCC_WARN_UNDECLARED_SELECTOR = YES;
				GCC_WARN_UNINITIALIZED_AUTOS = YES_AGGRESSIVE;
				GCC_WARN_UNUSED_FUNCTION = YES;
				GCC_WARN_UNUSED_VARIABLE = YES;
				IPHONEOS_DEPLOYMENT_TARGET = 8.3;
				MTL_ENABLE_DEBUG_INFO = NO;
				SDKROOT = iphoneos;
				VALIDATE_PRODUCT = YES;
			};
			name = Release;
		};
		ED3F85871AF315D50077BFE4 /* Debug */ = {
			isa = XCBuildConfiguration;
			buildSettings = {
				ASSETCATALOG_COMPILER_APPICON_NAME = AppIcon;
				INFOPLIST_FILE = MAPullToRefesh/Info.plist;
				LD_RUNPATH_SEARCH_PATHS = "$(inherited) @executable_path/Frameworks";
				PRODUCT_NAME = "$(TARGET_NAME)";
			};
			name = Debug;
		};
		ED3F85881AF315D50077BFE4 /* Release */ = {
			isa = XCBuildConfiguration;
			buildSettings = {
				ASSETCATALOG_COMPILER_APPICON_NAME = AppIcon;
				INFOPLIST_FILE = MAPullToRefesh/Info.plist;
				LD_RUNPATH_SEARCH_PATHS = "$(inherited) @executable_path/Frameworks";
				PRODUCT_NAME = "$(TARGET_NAME)";
			};
			name = Release;
		};
		ED3F858A1AF315D50077BFE4 /* Debug */ = {
			isa = XCBuildConfiguration;
			buildSettings = {
				BUNDLE_LOADER = "$(TEST_HOST)";
				FRAMEWORK_SEARCH_PATHS = (
					"$(SDKROOT)/Developer/Library/Frameworks",
					"$(inherited)",
				);
				GCC_PREPROCESSOR_DEFINITIONS = (
					"DEBUG=1",
					"$(inherited)",
				);
				INFOPLIST_FILE = MAPullToRefeshTests/Info.plist;
				LD_RUNPATH_SEARCH_PATHS = "$(inherited) @executable_path/Frameworks @loader_path/Frameworks";
				PRODUCT_NAME = "$(TARGET_NAME)";
				TEST_HOST = "$(BUILT_PRODUCTS_DIR)/MAPullToRefesh.app/MAPullToRefesh";
			};
			name = Debug;
		};
		ED3F858B1AF315D50077BFE4 /* Release */ = {
			isa = XCBuildConfiguration;
			buildSettings = {
				BUNDLE_LOADER = "$(TEST_HOST)";
				FRAMEWORK_SEARCH_PATHS = (
					"$(SDKROOT)/Developer/Library/Frameworks",
					"$(inherited)",
				);
				INFOPLIST_FILE = MAPullToRefeshTests/Info.plist;
				LD_RUNPATH_SEARCH_PATHS = "$(inherited) @executable_path/Frameworks @loader_path/Frameworks";
				PRODUCT_NAME = "$(TARGET_NAME)";
				TEST_HOST = "$(BUILT_PRODUCTS_DIR)/MAPullToRefesh.app/MAPullToRefesh";
			};
			name = Release;
		};
/* End XCBuildConfiguration section */

/* Begin XCConfigurationList section */
		ED3F855E1AF315D40077BFE4 /* Build configuration list for PBXProject "MAPullToRefesh" */ = {
			isa = XCConfigurationList;
			buildConfigurations = (
				ED3F85841AF315D50077BFE4 /* Debug */,
				ED3F85851AF315D50077BFE4 /* Release */,
			);
			defaultConfigurationIsVisible = 0;
			defaultConfigurationName = Release;
		};
		ED3F85861AF315D50077BFE4 /* Build configuration list for PBXNativeTarget "MAPullToRefesh" */ = {
			isa = XCConfigurationList;
			buildConfigurations = (
				ED3F85871AF315D50077BFE4 /* Debug */,
				ED3F85881AF315D50077BFE4 /* Release */,
			);
			defaultConfigurationIsVisible = 0;
		};
		ED3F85891AF315D50077BFE4 /* Build configuration list for PBXNativeTarget "MAPullToRefeshTests" */ = {
			isa = XCConfigurationList;
			buildConfigurations = (
				ED3F858A1AF315D50077BFE4 /* Debug */,
				ED3F858B1AF315D50077BFE4 /* Release */,
			);
			defaultConfigurationIsVisible = 0;
		};
/* End XCConfigurationList section */
	};
	rootObject = ED3F855B1AF315D40077BFE4 /* Project object */;
}
